// !$*UTF8*$!
{
	archiveVersion = 1;
	classes = {
	};
	objectVersion = 46;
	objects = {

/* Begin PBXBuildFile section */
		049578E21CEA44730051B29A /* BEMSimpleLineGraph.framework in Frameworks */ = {isa = PBXBuildFile; fileRef = 049578E11CEA44730051B29A /* BEMSimpleLineGraph.framework */; };
		04F6C4701CE7EE0100F5A6C1 /* AppDelegate.swift in Sources */ = {isa = PBXBuildFile; fileRef = 04F6C46F1CE7EE0100F5A6C1 /* AppDelegate.swift */; };
		04F6C4721CE7EE0100F5A6C1 /* ViewController.swift in Sources */ = {isa = PBXBuildFile; fileRef = 04F6C4711CE7EE0100F5A6C1 /* ViewController.swift */; };
		04F6C4751CE7EE0100F5A6C1 /* Main.storyboard in Resources */ = {isa = PBXBuildFile; fileRef = 04F6C4731CE7EE0100F5A6C1 /* Main.storyboard */; };
		04F6C4771CE7EE0100F5A6C1 /* Assets.xcassets in Resources */ = {isa = PBXBuildFile; fileRef = 04F6C4761CE7EE0100F5A6C1 /* Assets.xcassets */; };
		04F6C47A1CE7EE0100F5A6C1 /* LaunchScreen.storyboard in Resources */ = {isa = PBXBuildFile; fileRef = 04F6C4781CE7EE0100F5A6C1 /* LaunchScreen.storyboard */; };
		04F6C4971CE7F12600F5A6C1 /* internal_module.h in Headers */ = {isa = PBXBuildFile; fileRef = 04F6C4961CE7F12600F5A6C1 /* internal_module.h */; settings = {ATTRIBUTES = (Public, ); }; };
		04F6C49E1CE7F12600F5A6C1 /* internal_module.framework in Frameworks */ = {isa = PBXBuildFile; fileRef = 04F6C4941CE7F12600F5A6C1 /* internal_module.framework */; };
		04F6C4A51CE7F12600F5A6C1 /* internal_moduleTests.swift in Sources */ = {isa = PBXBuildFile; fileRef = 04F6C4A41CE7F12600F5A6C1 /* internal_moduleTests.swift */; };
		04F6C4A91CE7F12600F5A6C1 /* internal_module.framework in Frameworks */ = {isa = PBXBuildFile; fileRef = 04F6C4941CE7F12600F5A6C1 /* internal_module.framework */; };
		04F6C4AA1CE7F12600F5A6C1 /* internal_module.framework in Embed Frameworks */ = {isa = PBXBuildFile; fileRef = 04F6C4941CE7F12600F5A6C1 /* internal_module.framework */; settings = {ATTRIBUTES = (CodeSignOnCopy, RemoveHeadersOnCopy, ); }; };
		04F6C4B31CE7F4D200F5A6C1 /* CustomBEMSimpleLineGraphView.swift in Sources */ = {isa = PBXBuildFile; fileRef = 04F6C4B21CE7F4D200F5A6C1 /* CustomBEMSimpleLineGraphView.swift */; };
		04F6C4B71CE7FB8E00F5A6C1 /* BEMSimpleLineGraph.framework in Frameworks */ = {isa = PBXBuildFile; fileRef = 04F6C4B61CE7FB8E00F5A6C1 /* BEMSimpleLineGraph.framework */; };
		76DBEADA177636F67CD70FA6 /* Pods_internal_module.framework in Frameworks */ = {isa = PBXBuildFile; fileRef = 21468FF265C5793141CAB6FC /* Pods_internal_module.framework */; };
		CAFA2D36D7B9B0A4790A63A5 /* Pods_cocoapods_test.framework in Frameworks */ = {isa = PBXBuildFile; fileRef = BB3E6920A0DE0822E3ADED67 /* Pods_cocoapods_test.framework */; };
		EA0F37CC68667958FA61EC5A /* Pods_internal_moduleTests.framework in Frameworks */ = {isa = PBXBuildFile; fileRef = E00D7F862B74833DDEA5D702 /* Pods_internal_moduleTests.framework */; };
/* End PBXBuildFile section */

/* Begin PBXContainerItemProxy section */
		04F6C49F1CE7F12600F5A6C1 /* PBXContainerItemProxy */ = {
			isa = PBXContainerItemProxy;
			containerPortal = 04F6C4641CE7EE0100F5A6C1 /* Project object */;
			proxyType = 1;
			remoteGlobalIDString = 04F6C4931CE7F12600F5A6C1;
			remoteInfo = internal_module;
		};
		04F6C4A11CE7F12600F5A6C1 /* PBXContainerItemProxy */ = {
			isa = PBXContainerItemProxy;
			containerPortal = 04F6C4641CE7EE0100F5A6C1 /* Project object */;
			proxyType = 1;
			remoteGlobalIDString = 04F6C46B1CE7EE0100F5A6C1;
			remoteInfo = cocoapods_test;
		};
		04F6C4A71CE7F12600F5A6C1 /* PBXContainerItemProxy */ = {
			isa = PBXContainerItemProxy;
			containerPortal = 04F6C4641CE7EE0100F5A6C1 /* Project object */;
			proxyType = 1;
			remoteGlobalIDString = 04F6C4931CE7F12600F5A6C1;
			remoteInfo = internal_module;
		};
/* End PBXContainerItemProxy section */

/* Begin PBXCopyFilesBuildPhase section */
		04F6C4B01CE7F12600F5A6C1 /* Embed Frameworks */ = {
			isa = PBXCopyFilesBuildPhase;
			buildActionMask = 2147483647;
			dstPath = "";
			dstSubfolderSpec = 10;
			files = (
				04F6C4AA1CE7F12600F5A6C1 /* internal_module.framework in Embed Frameworks */,
			);
			name = "Embed Frameworks";
			runOnlyForDeploymentPostprocessing = 0;
		};
/* End PBXCopyFilesBuildPhase section */

/* Begin PBXFileReference section */
		049578E11CEA44730051B29A /* BEMSimpleLineGraph.framework */ = {isa = PBXFileReference; lastKnownFileType = wrapper.framework; name = BEMSimpleLineGraph.framework; path = "../../../../Library/Developer/Xcode/DerivedData/cocoapods_test-dzollsokbvcloicxnmooavefdtrz/Build/Products/Debug-iphonesimulator/BEMSimpleLineGraph/BEMSimpleLineGraph.framework"; sourceTree = "<group>"; };
		04F6C46C1CE7EE0100F5A6C1 /* cocoapods_test.app */ = {isa = PBXFileReference; explicitFileType = wrapper.application; includeInIndex = 0; path = cocoapods_test.app; sourceTree = BUILT_PRODUCTS_DIR; };
		04F6C46F1CE7EE0100F5A6C1 /* AppDelegate.swift */ = {isa = PBXFileReference; lastKnownFileType = sourcecode.swift; path = AppDelegate.swift; sourceTree = "<group>"; };
		04F6C4711CE7EE0100F5A6C1 /* ViewController.swift */ = {isa = PBXFileReference; lastKnownFileType = sourcecode.swift; path = ViewController.swift; sourceTree = "<group>"; };
		04F6C4741CE7EE0100F5A6C1 /* Base */ = {isa = PBXFileReference; lastKnownFileType = file.storyboard; name = Base; path = Base.lproj/Main.storyboard; sourceTree = "<group>"; };
		04F6C4761CE7EE0100F5A6C1 /* Assets.xcassets */ = {isa = PBXFileReference; lastKnownFileType = folder.assetcatalog; path = Assets.xcassets; sourceTree = "<group>"; };
		04F6C4791CE7EE0100F5A6C1 /* Base */ = {isa = PBXFileReference; lastKnownFileType = file.storyboard; name = Base; path = Base.lproj/LaunchScreen.storyboard; sourceTree = "<group>"; };
		04F6C47B1CE7EE0100F5A6C1 /* Info.plist */ = {isa = PBXFileReference; lastKnownFileType = text.plist.xml; path = Info.plist; sourceTree = "<group>"; };
		04F6C4941CE7F12600F5A6C1 /* internal_module.framework */ = {isa = PBXFileReference; explicitFileType = wrapper.framework; includeInIndex = 0; path = internal_module.framework; sourceTree = BUILT_PRODUCTS_DIR; };
		04F6C4961CE7F12600F5A6C1 /* internal_module.h */ = {isa = PBXFileReference; lastKnownFileType = sourcecode.c.h; path = internal_module.h; sourceTree = "<group>"; };
		04F6C4981CE7F12600F5A6C1 /* Info.plist */ = {isa = PBXFileReference; lastKnownFileType = text.plist.xml; path = Info.plist; sourceTree = "<group>"; };
		04F6C49D1CE7F12600F5A6C1 /* internal_moduleTests.xctest */ = {isa = PBXFileReference; explicitFileType = wrapper.cfbundle; includeInIndex = 0; path = internal_moduleTests.xctest; sourceTree = BUILT_PRODUCTS_DIR; };
		04F6C4A41CE7F12600F5A6C1 /* internal_moduleTests.swift */ = {isa = PBXFileReference; lastKnownFileType = sourcecode.swift; path = internal_moduleTests.swift; sourceTree = "<group>"; };
		04F6C4A61CE7F12600F5A6C1 /* Info.plist */ = {isa = PBXFileReference; lastKnownFileType = text.plist.xml; path = Info.plist; sourceTree = "<group>"; };
		04F6C4B21CE7F4D200F5A6C1 /* CustomBEMSimpleLineGraphView.swift */ = {isa = PBXFileReference; fileEncoding = 4; lastKnownFileType = sourcecode.swift; path = CustomBEMSimpleLineGraphView.swift; sourceTree = "<group>"; };
		04F6C4B61CE7FB8E00F5A6C1 /* BEMSimpleLineGraph.framework */ = {isa = PBXFileReference; lastKnownFileType = wrapper.framework; name = BEMSimpleLineGraph.framework; path = "../../../../Library/Developer/Xcode/DerivedData/cocoapods_test-dzollsokbvcloicxnmooavefdtrz/Build/Products/Debug-iphonesimulator/BEMSimpleLineGraph.framework"; sourceTree = "<group>"; };
		130D5FBC699B79BAC896BB0A /* Pods-internal_module.debug.xcconfig */ = {isa = PBXFileReference; includeInIndex = 1; lastKnownFileType = text.xcconfig; name = "Pods-internal_module.debug.xcconfig"; path = "Pods/Target Support Files/Pods-internal_module/Pods-internal_module.debug.xcconfig"; sourceTree = "<group>"; };
		21468FF265C5793141CAB6FC /* Pods_internal_module.framework */ = {isa = PBXFileReference; explicitFileType = wrapper.framework; includeInIndex = 0; path = Pods_internal_module.framework; sourceTree = BUILT_PRODUCTS_DIR; };
		22458761FC02BC48CC6D1B2E /* Pods-internal_module.release.xcconfig */ = {isa = PBXFileReference; includeInIndex = 1; lastKnownFileType = text.xcconfig; name = "Pods-internal_module.release.xcconfig"; path = "Pods/Target Support Files/Pods-internal_module/Pods-internal_module.release.xcconfig"; sourceTree = "<group>"; };
		2678F40EF4765170AC7DDB91 /* Pods-internal_moduleTests.debug.xcconfig */ = {isa = PBXFileReference; includeInIndex = 1; lastKnownFileType = text.xcconfig; name = "Pods-internal_moduleTests.debug.xcconfig"; path = "Pods/Target Support Files/Pods-internal_moduleTests/Pods-internal_moduleTests.debug.xcconfig"; sourceTree = "<group>"; };
		38F3F6FE41A7FC08A7DFC146 /* Pods-internal_moduleTests.release.xcconfig */ = {isa = PBXFileReference; includeInIndex = 1; lastKnownFileType = text.xcconfig; name = "Pods-internal_moduleTests.release.xcconfig"; path = "Pods/Target Support Files/Pods-internal_moduleTests/Pods-internal_moduleTests.release.xcconfig"; sourceTree = "<group>"; };
		5F1DB87F4595A0F43BCF43E0 /* Pods-cocoapods_test.release.xcconfig */ = {isa = PBXFileReference; includeInIndex = 1; lastKnownFileType = text.xcconfig; name = "Pods-cocoapods_test.release.xcconfig"; path = "Pods/Target Support Files/Pods-cocoapods_test/Pods-cocoapods_test.release.xcconfig"; sourceTree = "<group>"; };
		6971D0B35AD5CF8299C833F0 /* Pods-cocoapods_test.debug.xcconfig */ = {isa = PBXFileReference; includeInIndex = 1; lastKnownFileType = text.xcconfig; name = "Pods-cocoapods_test.debug.xcconfig"; path = "Pods/Target Support Files/Pods-cocoapods_test/Pods-cocoapods_test.debug.xcconfig"; sourceTree = "<group>"; };
		BB3E6920A0DE0822E3ADED67 /* Pods_cocoapods_test.framework */ = {isa = PBXFileReference; explicitFileType = wrapper.framework; includeInIndex = 0; path = Pods_cocoapods_test.framework; sourceTree = BUILT_PRODUCTS_DIR; };
		E00D7F862B74833DDEA5D702 /* Pods_internal_moduleTests.framework */ = {isa = PBXFileReference; explicitFileType = wrapper.framework; includeInIndex = 0; path = Pods_internal_moduleTests.framework; sourceTree = BUILT_PRODUCTS_DIR; };
/* End PBXFileReference section */

/* Begin PBXFrameworksBuildPhase section */
		04F6C4691CE7EE0100F5A6C1 /* Frameworks */ = {
			isa = PBXFrameworksBuildPhase;
			buildActionMask = 2147483647;
			files = (
				04F6C4A91CE7F12600F5A6C1 /* internal_module.framework in Frameworks */,
				CAFA2D36D7B9B0A4790A63A5 /* Pods_cocoapods_test.framework in Frameworks */,
			);
			runOnlyForDeploymentPostprocessing = 0;
		};
		04F6C4901CE7F12600F5A6C1 /* Frameworks */ = {
			isa = PBXFrameworksBuildPhase;
			buildActionMask = 2147483647;
			files = (
				04F6C4B71CE7FB8E00F5A6C1 /* BEMSimpleLineGraph.framework in Frameworks */,
				76DBEADA177636F67CD70FA6 /* Pods_internal_module.framework in Frameworks */,
			);
			runOnlyForDeploymentPostprocessing = 0;
		};
		04F6C49A1CE7F12600F5A6C1 /* Frameworks */ = {
			isa = PBXFrameworksBuildPhase;
			buildActionMask = 2147483647;
			files = (
				049578E21CEA44730051B29A /* BEMSimpleLineGraph.framework in Frameworks */,
				04F6C49E1CE7F12600F5A6C1 /* internal_module.framework in Frameworks */,
				EA0F37CC68667958FA61EC5A /* Pods_internal_moduleTests.framework in Frameworks */,
			);
			runOnlyForDeploymentPostprocessing = 0;
		};
/* End PBXFrameworksBuildPhase section */

/* Begin PBXGroup section */
		04F6C4631CE7EE0100F5A6C1 = {
			isa = PBXGroup;
			children = (
				04F6C46E1CE7EE0100F5A6C1 /* cocoapods_test */,
				04F6C4951CE7F12600F5A6C1 /* internal_module */,
				04F6C4A31CE7F12600F5A6C1 /* internal_moduleTests */,
				04F6C46D1CE7EE0100F5A6C1 /* Products */,
				8629C066BEBEA9B0F9F0646D /* Pods */,
				253732C3D5EE657C4645F7EF /* Frameworks */,
			);
			sourceTree = "<group>";
		};
		04F6C46D1CE7EE0100F5A6C1 /* Products */ = {
			isa = PBXGroup;
			children = (
				04F6C46C1CE7EE0100F5A6C1 /* cocoapods_test.app */,
				04F6C4941CE7F12600F5A6C1 /* internal_module.framework */,
				04F6C49D1CE7F12600F5A6C1 /* internal_moduleTests.xctest */,
			);
			name = Products;
			sourceTree = "<group>";
		};
		04F6C46E1CE7EE0100F5A6C1 /* cocoapods_test */ = {
			isa = PBXGroup;
			children = (
				04F6C46F1CE7EE0100F5A6C1 /* AppDelegate.swift */,
				04F6C4711CE7EE0100F5A6C1 /* ViewController.swift */,
				04F6C4731CE7EE0100F5A6C1 /* Main.storyboard */,
				04F6C4761CE7EE0100F5A6C1 /* Assets.xcassets */,
				04F6C4781CE7EE0100F5A6C1 /* LaunchScreen.storyboard */,
				04F6C47B1CE7EE0100F5A6C1 /* Info.plist */,
			);
			path = cocoapods_test;
			sourceTree = "<group>";
		};
		04F6C4951CE7F12600F5A6C1 /* internal_module */ = {
			isa = PBXGroup;
			children = (
				04F6C4961CE7F12600F5A6C1 /* internal_module.h */,
				04F6C4981CE7F12600F5A6C1 /* Info.plist */,
				04F6C4B21CE7F4D200F5A6C1 /* CustomBEMSimpleLineGraphView.swift */,
			);
			path = internal_module;
			sourceTree = "<group>";
		};
		04F6C4A31CE7F12600F5A6C1 /* internal_moduleTests */ = {
			isa = PBXGroup;
			children = (
				04F6C4A41CE7F12600F5A6C1 /* internal_moduleTests.swift */,
				04F6C4A61CE7F12600F5A6C1 /* Info.plist */,
			);
			path = internal_moduleTests;
			sourceTree = "<group>";
		};
		253732C3D5EE657C4645F7EF /* Frameworks */ = {
			isa = PBXGroup;
			children = (
				049578E11CEA44730051B29A /* BEMSimpleLineGraph.framework */,
				04F6C4B61CE7FB8E00F5A6C1 /* BEMSimpleLineGraph.framework */,
				BB3E6920A0DE0822E3ADED67 /* Pods_cocoapods_test.framework */,
				21468FF265C5793141CAB6FC /* Pods_internal_module.framework */,
				E00D7F862B74833DDEA5D702 /* Pods_internal_moduleTests.framework */,
			);
			name = Frameworks;
			sourceTree = "<group>";
		};
		8629C066BEBEA9B0F9F0646D /* Pods */ = {
			isa = PBXGroup;
			children = (
				6971D0B35AD5CF8299C833F0 /* Pods-cocoapods_test.debug.xcconfig */,
				5F1DB87F4595A0F43BCF43E0 /* Pods-cocoapods_test.release.xcconfig */,
				130D5FBC699B79BAC896BB0A /* Pods-internal_module.debug.xcconfig */,
				22458761FC02BC48CC6D1B2E /* Pods-internal_module.release.xcconfig */,
				2678F40EF4765170AC7DDB91 /* Pods-internal_moduleTests.debug.xcconfig */,
				38F3F6FE41A7FC08A7DFC146 /* Pods-internal_moduleTests.release.xcconfig */,
			);
			name = Pods;
			sourceTree = "<group>";
		};
/* End PBXGroup section */

/* Begin PBXHeadersBuildPhase section */
		04F6C4911CE7F12600F5A6C1 /* Headers */ = {
			isa = PBXHeadersBuildPhase;
			buildActionMask = 2147483647;
			files = (
				04F6C4971CE7F12600F5A6C1 /* internal_module.h in Headers */,
			);
			runOnlyForDeploymentPostprocessing = 0;
		};
/* End PBXHeadersBuildPhase section */

/* Begin PBXNativeTarget section */
		04F6C46B1CE7EE0100F5A6C1 /* cocoapods_test */ = {
			isa = PBXNativeTarget;
			buildConfigurationList = 04F6C4891CE7EE0100F5A6C1 /* Build configuration list for PBXNativeTarget "cocoapods_test" */;
			buildPhases = (
				25E2377BEAF34F05174CAF56 /* 📦 Check Pods Manifest.lock */,
				04F6C4681CE7EE0100F5A6C1 /* Sources */,
				04F6C4691CE7EE0100F5A6C1 /* Frameworks */,
				04F6C46A1CE7EE0100F5A6C1 /* Resources */,
				04F6C4B01CE7F12600F5A6C1 /* Embed Frameworks */,
				55FF820DBA9A619131D937A0 /* 📦 Embed Pods Frameworks */,
				FE042A94F287534FC776EF54 /* 📦 Copy Pods Resources */,
			);
			buildRules = (
			);
			dependencies = (
				04F6C4A81CE7F12600F5A6C1 /* PBXTargetDependency */,
			);
			name = cocoapods_test;
			productName = cocoapods_test;
			productReference = 04F6C46C1CE7EE0100F5A6C1 /* cocoapods_test.app */;
			productType = "com.apple.product-type.application";
		};
		04F6C4931CE7F12600F5A6C1 /* internal_module */ = {
			isa = PBXNativeTarget;
			buildConfigurationList = 04F6C4AF1CE7F12600F5A6C1 /* Build configuration list for PBXNativeTarget "internal_module" */;
			buildPhases = (
				B678A971BB3CC1C87F2BFF02 /* 📦 Check Pods Manifest.lock */,
				04F6C48F1CE7F12600F5A6C1 /* Sources */,
				04F6C4901CE7F12600F5A6C1 /* Frameworks */,
				04F6C4911CE7F12600F5A6C1 /* Headers */,
				04F6C4921CE7F12600F5A6C1 /* Resources */,
				389FB5A6ED833FD8070470A7 /* 📦 Copy Pods Resources */,
			);
			buildRules = (
			);
			dependencies = (
			);
			name = internal_module;
			productName = internal_module;
			productReference = 04F6C4941CE7F12600F5A6C1 /* internal_module.framework */;
			productType = "com.apple.product-type.framework";
		};
		04F6C49C1CE7F12600F5A6C1 /* internal_moduleTests */ = {
			isa = PBXNativeTarget;
			buildConfigurationList = 04F6C4B11CE7F12600F5A6C1 /* Build configuration list for PBXNativeTarget "internal_moduleTests" */;
			buildPhases = (
				318E4EBE423EF8C187CC8C9B /* 📦 Check Pods Manifest.lock */,
				04F6C4991CE7F12600F5A6C1 /* Sources */,
				04F6C49A1CE7F12600F5A6C1 /* Frameworks */,
				04F6C49B1CE7F12600F5A6C1 /* Resources */,
				05BB8D74D21C06AD32E06C0B /* 📦 Embed Pods Frameworks */,
				183292154835594051FED3F4 /* 📦 Copy Pods Resources */,
			);
			buildRules = (
			);
			dependencies = (
				04F6C4A01CE7F12600F5A6C1 /* PBXTargetDependency */,
				04F6C4A21CE7F12600F5A6C1 /* PBXTargetDependency */,
			);
			name = internal_moduleTests;
			productName = internal_moduleTests;
			productReference = 04F6C49D1CE7F12600F5A6C1 /* internal_moduleTests.xctest */;
			productType = "com.apple.product-type.bundle.unit-test";
		};
/* End PBXNativeTarget section */

/* Begin PBXProject section */
		04F6C4641CE7EE0100F5A6C1 /* Project object */ = {
			isa = PBXProject;
			attributes = {
				LastSwiftUpdateCheck = 0730;
				LastUpgradeCheck = 0730;
				ORGANIZATIONNAME = "Maciej Kujalowicz";
				TargetAttributes = {
					04F6C46B1CE7EE0100F5A6C1 = {
						CreatedOnToolsVersion = 7.3.1;
					};
					04F6C4931CE7F12600F5A6C1 = {
						CreatedOnToolsVersion = 7.3.1;
					};
					04F6C49C1CE7F12600F5A6C1 = {
						CreatedOnToolsVersion = 7.3.1;
					};
				};
			};
			buildConfigurationList = 04F6C4671CE7EE0100F5A6C1 /* Build configuration list for PBXProject "cocoapods_test" */;
			compatibilityVersion = "Xcode 3.2";
			developmentRegion = English;
			hasScannedForEncodings = 0;
			knownRegions = (
				en,
				Base,
			);
			mainGroup = 04F6C4631CE7EE0100F5A6C1;
			productRefGroup = 04F6C46D1CE7EE0100F5A6C1 /* Products */;
			projectDirPath = "";
			projectRoot = "";
			targets = (
				04F6C46B1CE7EE0100F5A6C1 /* cocoapods_test */,
				04F6C4931CE7F12600F5A6C1 /* internal_module */,
				04F6C49C1CE7F12600F5A6C1 /* internal_moduleTests */,
			);
		};
/* End PBXProject section */

/* Begin PBXResourcesBuildPhase section */
		04F6C46A1CE7EE0100F5A6C1 /* Resources */ = {
			isa = PBXResourcesBuildPhase;
			buildActionMask = 2147483647;
			files = (
				04F6C47A1CE7EE0100F5A6C1 /* LaunchScreen.storyboard in Resources */,
				04F6C4771CE7EE0100F5A6C1 /* Assets.xcassets in Resources */,
				04F6C4751CE7EE0100F5A6C1 /* Main.storyboard in Resources */,
			);
			runOnlyForDeploymentPostprocessing = 0;
		};
		04F6C4921CE7F12600F5A6C1 /* Resources */ = {
			isa = PBXResourcesBuildPhase;
			buildActionMask = 2147483647;
			files = (
			);
			runOnlyForDeploymentPostprocessing = 0;
		};
		04F6C49B1CE7F12600F5A6C1 /* Resources */ = {
			isa = PBXResourcesBuildPhase;
			buildActionMask = 2147483647;
			files = (
			);
			runOnlyForDeploymentPostprocessing = 0;
		};
/* End PBXResourcesBuildPhase section */

/* Begin PBXShellScriptBuildPhase section */
		05BB8D74D21C06AD32E06C0B /* 📦 Embed Pods Frameworks */ = {
			isa = PBXShellScriptBuildPhase;
			buildActionMask = 2147483647;
			files = (
			);
			inputPaths = (
			);
			name = "📦 Embed Pods Frameworks";
			outputPaths = (
			);
			runOnlyForDeploymentPostprocessing = 0;
			shellPath = /bin/sh;
			shellScript = "\"${SRCROOT}/Pods/Target Support Files/Pods-internal_moduleTests/Pods-internal_moduleTests-frameworks.sh\"\n";
			showEnvVarsInLog = 0;
		};
		183292154835594051FED3F4 /* 📦 Copy Pods Resources */ = {
			isa = PBXShellScriptBuildPhase;
			buildActionMask = 2147483647;
			files = (
			);
			inputPaths = (
			);
			name = "📦 Copy Pods Resources";
			outputPaths = (
			);
			runOnlyForDeploymentPostprocessing = 0;
			shellPath = /bin/sh;
			shellScript = "\"${SRCROOT}/Pods/Target Support Files/Pods-internal_moduleTests/Pods-internal_moduleTests-resources.sh\"\n";
			showEnvVarsInLog = 0;
		};
		25E2377BEAF34F05174CAF56 /* 📦 Check Pods Manifest.lock */ = {
			isa = PBXShellScriptBuildPhase;
			buildActionMask = 2147483647;
			files = (
			);
			inputPaths = (
			);
			name = "📦 Check Pods Manifest.lock";
			outputPaths = (
			);
			runOnlyForDeploymentPostprocessing = 0;
			shellPath = /bin/sh;
			shellScript = "diff \"${PODS_ROOT}/../Podfile.lock\" \"${PODS_ROOT}/Manifest.lock\" > /dev/null\nif [[ $? != 0 ]] ; then\n    cat << EOM\nerror: The sandbox is not in sync with the Podfile.lock. Run 'pod install' or update your CocoaPods installation.\nEOM\n    exit 1\nfi\n";
			showEnvVarsInLog = 0;
		};
		318E4EBE423EF8C187CC8C9B /* 📦 Check Pods Manifest.lock */ = {
			isa = PBXShellScriptBuildPhase;
			buildActionMask = 2147483647;
			files = (
			);
			inputPaths = (
			);
			name = "📦 Check Pods Manifest.lock";
			outputPaths = (
			);
			runOnlyForDeploymentPostprocessing = 0;
			shellPath = /bin/sh;
			shellScript = "diff \"${PODS_ROOT}/../Podfile.lock\" \"${PODS_ROOT}/Manifest.lock\" > /dev/null\nif [[ $? != 0 ]] ; then\n    cat << EOM\nerror: The sandbox is not in sync with the Podfile.lock. Run 'pod install' or update your CocoaPods installation.\nEOM\n    exit 1\nfi\n";
			showEnvVarsInLog = 0;
		};
		389FB5A6ED833FD8070470A7 /* 📦 Copy Pods Resources */ = {
			isa = PBXShellScriptBuildPhase;
			buildActionMask = 2147483647;
			files = (
			);
			inputPaths = (
			);
			name = "📦 Copy Pods Resources";
			outputPaths = (
			);
			runOnlyForDeploymentPostprocessing = 0;
			shellPath = /bin/sh;
			shellScript = "\"${SRCROOT}/Pods/Target Support Files/Pods-internal_module/Pods-internal_module-resources.sh\"\n";
			showEnvVarsInLog = 0;
		};
		55FF820DBA9A619131D937A0 /* 📦 Embed Pods Frameworks */ = {
			isa = PBXShellScriptBuildPhase;
			buildActionMask = 2147483647;
			files = (
			);
			inputPaths = (
			);
			name = "📦 Embed Pods Frameworks";
			outputPaths = (
			);
			runOnlyForDeploymentPostprocessing = 0;
			shellPath = /bin/sh;
			shellScript = "\"${SRCROOT}/Pods/Target Support Files/Pods-cocoapods_test/Pods-cocoapods_test-frameworks.sh\"\n";
			showEnvVarsInLog = 0;
		};
		B678A971BB3CC1C87F2BFF02 /* 📦 Check Pods Manifest.lock */ = {
			isa = PBXShellScriptBuildPhase;
			buildActionMask = 2147483647;
			files = (
			);
			inputPaths = (
			);
			name = "📦 Check Pods Manifest.lock";
			outputPaths = (
			);
			runOnlyForDeploymentPostprocessing = 0;
			shellPath = /bin/sh;
			shellScript = "diff \"${PODS_ROOT}/../Podfile.lock\" \"${PODS_ROOT}/Manifest.lock\" > /dev/null\nif [[ $? != 0 ]] ; then\n    cat << EOM\nerror: The sandbox is not in sync with the Podfile.lock. Run 'pod install' or update your CocoaPods installation.\nEOM\n    exit 1\nfi\n";
			showEnvVarsInLog = 0;
		};
		FE042A94F287534FC776EF54 /* 📦 Copy Pods Resources */ = {
			isa = PBXShellScriptBuildPhase;
			buildActionMask = 2147483647;
			files = (
			);
			inputPaths = (
			);
			name = "📦 Copy Pods Resources";
			outputPaths = (
			);
			runOnlyForDeploymentPostprocessing = 0;
			shellPath = /bin/sh;
			shellScript = "\"${SRCROOT}/Pods/Target Support Files/Pods-cocoapods_test/Pods-cocoapods_test-resources.sh\"\n";
			showEnvVarsInLog = 0;
		};
/* End PBXShellScriptBuildPhase section */

/* Begin PBXSourcesBuildPhase section */
		04F6C4681CE7EE0100F5A6C1 /* Sources */ = {
			isa = PBXSourcesBuildPhase;
			buildActionMask = 2147483647;
			files = (
				04F6C4721CE7EE0100F5A6C1 /* ViewController.swift in Sources */,
				04F6C4701CE7EE0100F5A6C1 /* AppDelegate.swift in Sources */,
			);
			runOnlyForDeploymentPostprocessing = 0;
		};
		04F6C48F1CE7F12600F5A6C1 /* Sources */ = {
			isa = PBXSourcesBuildPhase;
			buildActionMask = 2147483647;
			files = (
				04F6C4B31CE7F4D200F5A6C1 /* CustomBEMSimpleLineGraphView.swift in Sources */,
			);
			runOnlyForDeploymentPostprocessing = 0;
		};
		04F6C4991CE7F12600F5A6C1 /* Sources */ = {
			isa = PBXSourcesBuildPhase;
			buildActionMask = 2147483647;
			files = (
				04F6C4A51CE7F12600F5A6C1 /* internal_moduleTests.swift in Sources */,
			);
			runOnlyForDeploymentPostprocessing = 0;
		};
/* End PBXSourcesBuildPhase section */

/* Begin PBXTargetDependency section */
		04F6C4A01CE7F12600F5A6C1 /* PBXTargetDependency */ = {
			isa = PBXTargetDependency;
			target = 04F6C4931CE7F12600F5A6C1 /* internal_module */;
			targetProxy = 04F6C49F1CE7F12600F5A6C1 /* PBXContainerItemProxy */;
		};
		04F6C4A21CE7F12600F5A6C1 /* PBXTargetDependency */ = {
			isa = PBXTargetDependency;
			target = 04F6C46B1CE7EE0100F5A6C1 /* cocoapods_test */;
			targetProxy = 04F6C4A11CE7F12600F5A6C1 /* PBXContainerItemProxy */;
		};
		04F6C4A81CE7F12600F5A6C1 /* PBXTargetDependency */ = {
			isa = PBXTargetDependency;
			target = 04F6C4931CE7F12600F5A6C1 /* internal_module */;
			targetProxy = 04F6C4A71CE7F12600F5A6C1 /* PBXContainerItemProxy */;
		};
/* End PBXTargetDependency section */

/* Begin PBXVariantGroup section */
		04F6C4731CE7EE0100F5A6C1 /* Main.storyboard */ = {
			isa = PBXVariantGroup;
			children = (
				04F6C4741CE7EE0100F5A6C1 /* Base */,
			);
			name = Main.storyboard;
			sourceTree = "<group>";
		};
		04F6C4781CE7EE0100F5A6C1 /* LaunchScreen.storyboard */ = {
			isa = PBXVariantGroup;
			children = (
				04F6C4791CE7EE0100F5A6C1 /* Base */,
			);
			name = LaunchScreen.storyboard;
			sourceTree = "<group>";
		};
/* End PBXVariantGroup section */

/* Begin XCBuildConfiguration section */
		04F6C4871CE7EE0100F5A6C1 /* Debug */ = {
			isa = XCBuildConfiguration;
			buildSettings = {
				ALWAYS_SEARCH_USER_PATHS = NO;
				CLANG_ANALYZER_NONNULL = YES;
				CLANG_CXX_LANGUAGE_STANDARD = "gnu++0x";
				CLANG_CXX_LIBRARY = "libc++";
				CLANG_ENABLE_MODULES = YES;
				CLANG_ENABLE_OBJC_ARC = YES;
				CLANG_WARN_BOOL_CONVERSION = YES;
				CLANG_WARN_CONSTANT_CONVERSION = YES;
				CLANG_WARN_DIRECT_OBJC_ISA_USAGE = YES_ERROR;
				CLANG_WARN_EMPTY_BODY = YES;
				CLANG_WARN_ENUM_CONVERSION = YES;
				CLANG_WARN_INT_CONVERSION = YES;
				CLANG_WARN_OBJC_ROOT_CLASS = YES_ERROR;
				CLANG_WARN_UNREACHABLE_CODE = YES;
				CLANG_WARN__DUPLICATE_METHOD_MATCH = YES;
				"CODE_SIGN_IDENTITY[sdk=iphoneos*]" = "iPhone Developer";
				COPY_PHASE_STRIP = NO;
				DEBUG_INFORMATION_FORMAT = dwarf;
				ENABLE_STRICT_OBJC_MSGSEND = YES;
				ENABLE_TESTABILITY = YES;
				GCC_C_LANGUAGE_STANDARD = gnu99;
				GCC_DYNAMIC_NO_PIC = NO;
				GCC_NO_COMMON_BLOCKS = YES;
				GCC_OPTIMIZATION_LEVEL = 0;
				GCC_PREPROCESSOR_DEFINITIONS = (
					"DEBUG=1",
					"$(inherited)",
				);
				GCC_WARN_64_TO_32_BIT_CONVERSION = YES;
				GCC_WARN_ABOUT_RETURN_TYPE = YES_ERROR;
				GCC_WARN_UNDECLARED_SELECTOR = YES;
				GCC_WARN_UNINITIALIZED_AUTOS = YES_AGGRESSIVE;
				GCC_WARN_UNUSED_FUNCTION = YES;
				GCC_WARN_UNUSED_VARIABLE = YES;
				IPHONEOS_DEPLOYMENT_TARGET = 9.3;
				MTL_ENABLE_DEBUG_INFO = YES;
				ONLY_ACTIVE_ARCH = YES;
				SDKROOT = iphoneos;
				SWIFT_OPTIMIZATION_LEVEL = "-Onone";
				TARGETED_DEVICE_FAMILY = "1,2";
			};
			name = Debug;
		};
		04F6C4881CE7EE0100F5A6C1 /* Release */ = {
			isa = XCBuildConfiguration;
			buildSettings = {
				ALWAYS_SEARCH_USER_PATHS = NO;
				CLANG_ANALYZER_NONNULL = YES;
				CLANG_CXX_LANGUAGE_STANDARD = "gnu++0x";
				CLANG_CXX_LIBRARY = "libc++";
				CLANG_ENABLE_MODULES = YES;
				CLANG_ENABLE_OBJC_ARC = YES;
				CLANG_WARN_BOOL_CONVERSION = YES;
				CLANG_WARN_CONSTANT_CONVERSION = YES;
				CLANG_WARN_DIRECT_OBJC_ISA_USAGE = YES_ERROR;
				CLANG_WARN_EMPTY_BODY = YES;
				CLANG_WARN_ENUM_CONVERSION = YES;
				CLANG_WARN_INT_CONVERSION = YES;
				CLANG_WARN_OBJC_ROOT_CLASS = YES_ERROR;
				CLANG_WARN_UNREACHABLE_CODE = YES;
				CLANG_WARN__DUPLICATE_METHOD_MATCH = YES;
				"CODE_SIGN_IDENTITY[sdk=iphoneos*]" = "iPhone Developer";
				COPY_PHASE_STRIP = NO;
				DEBUG_INFORMATION_FORMAT = "dwarf-with-dsym";
				ENABLE_NS_ASSERTIONS = NO;
				ENABLE_STRICT_OBJC_MSGSEND = YES;
				GCC_C_LANGUAGE_STANDARD = gnu99;
				GCC_NO_COMMON_BLOCKS = YES;
				GCC_WARN_64_TO_32_BIT_CONVERSION = YES;
				GCC_WARN_ABOUT_RETURN_TYPE = YES_ERROR;
				GCC_WARN_UNDECLARED_SELECTOR = YES;
				GCC_WARN_UNINITIALIZED_AUTOS = YES_AGGRESSIVE;
				GCC_WARN_UNUSED_FUNCTION = YES;
				GCC_WARN_UNUSED_VARIABLE = YES;
				IPHONEOS_DEPLOYMENT_TARGET = 9.3;
				MTL_ENABLE_DEBUG_INFO = NO;
				SDKROOT = iphoneos;
				TARGETED_DEVICE_FAMILY = "1,2";
				VALIDATE_PRODUCT = YES;
			};
			name = Release;
		};
		04F6C48A1CE7EE0100F5A6C1 /* Debug */ = {
			isa = XCBuildConfiguration;
			baseConfigurationReference = 6971D0B35AD5CF8299C833F0 /* Pods-cocoapods_test.debug.xcconfig */;
			buildSettings = {
				ASSETCATALOG_COMPILER_APPICON_NAME = AppIcon;
				EMBEDDED_CONTENT_CONTAINS_SWIFT = YES;
				INFOPLIST_FILE = cocoapods_test/Info.plist;
				LD_RUNPATH_SEARCH_PATHS = "$(inherited) @executable_path/Frameworks";
				PRODUCT_BUNDLE_IDENTIFIER = "org.cocoapods.cocoapods-test";
				PRODUCT_NAME = "$(TARGET_NAME)";
			};
			name = Debug;
		};
		04F6C48B1CE7EE0100F5A6C1 /* Release */ = {
			isa = XCBuildConfiguration;
			baseConfigurationReference = 5F1DB87F4595A0F43BCF43E0 /* Pods-cocoapods_test.release.xcconfig */;
			buildSettings = {
				ASSETCATALOG_COMPILER_APPICON_NAME = AppIcon;
				EMBEDDED_CONTENT_CONTAINS_SWIFT = YES;
				INFOPLIST_FILE = cocoapods_test/Info.plist;
				LD_RUNPATH_SEARCH_PATHS = "$(inherited) @executable_path/Frameworks";
				PRODUCT_BUNDLE_IDENTIFIER = "org.cocoapods.cocoapods-test";
				PRODUCT_NAME = "$(TARGET_NAME)";
			};
			name = Release;
		};
		04F6C4AB1CE7F12600F5A6C1 /* Debug */ = {
			isa = XCBuildConfiguration;
			baseConfigurationReference = 130D5FBC699B79BAC896BB0A /* Pods-internal_module.debug.xcconfig */;
			buildSettings = {
				CLANG_ENABLE_MODULES = YES;
				CURRENT_PROJECT_VERSION = 1;
				DEFINES_MODULE = YES;
				DYLIB_COMPATIBILITY_VERSION = 1;
				DYLIB_CURRENT_VERSION = 1;
				DYLIB_INSTALL_NAME_BASE = "@rpath";
				INFOPLIST_FILE = internal_module/Info.plist;
				INSTALL_PATH = "$(LOCAL_LIBRARY_DIR)/Frameworks";
				LD_RUNPATH_SEARCH_PATHS = "$(inherited) @executable_path/Frameworks @loader_path/Frameworks \"$PODS_CONFIGURATION_BUILD_DIR/BEMSimpleLineGraph\"";
				PRODUCT_BUNDLE_IDENTIFIER = "org.cocoapods.internal-module";
				PRODUCT_NAME = "$(TARGET_NAME)";
				SKIP_INSTALL = YES;
				SWIFT_OPTIMIZATION_LEVEL = "-Onone";
				VERSIONING_SYSTEM = "apple-generic";
				VERSION_INFO_PREFIX = "";
			};
			name = Debug;
		};
		04F6C4AC1CE7F12600F5A6C1 /* Release */ = {
			isa = XCBuildConfiguration;
			baseConfigurationReference = 22458761FC02BC48CC6D1B2E /* Pods-internal_module.release.xcconfig */;
			buildSettings = {
				CLANG_ENABLE_MODULES = YES;
				CURRENT_PROJECT_VERSION = 1;
				DEFINES_MODULE = YES;
				DYLIB_COMPATIBILITY_VERSION = 1;
				DYLIB_CURRENT_VERSION = 1;
				DYLIB_INSTALL_NAME_BASE = "@rpath";
				INFOPLIST_FILE = internal_module/Info.plist;
				INSTALL_PATH = "$(LOCAL_LIBRARY_DIR)/Frameworks";
				LD_RUNPATH_SEARCH_PATHS = "$(inherited) @executable_path/Frameworks @loader_path/Frameworks \"$PODS_CONFIGURATION_BUILD_DIR/BEMSimpleLineGraph\"";
				PRODUCT_BUNDLE_IDENTIFIER = "org.cocoapods.internal-module";
				PRODUCT_NAME = "$(TARGET_NAME)";
				SKIP_INSTALL = YES;
				VERSIONING_SYSTEM = "apple-generic";
				VERSION_INFO_PREFIX = "";
			};
			name = Release;
		};
		04F6C4AD1CE7F12600F5A6C1 /* Debug */ = {
			isa = XCBuildConfiguration;
			baseConfigurationReference = 2678F40EF4765170AC7DDB91 /* Pods-internal_moduleTests.debug.xcconfig */;
			buildSettings = {
				INFOPLIST_FILE = internal_moduleTests/Info.plist;
				LD_RUNPATH_SEARCH_PATHS = "$(inherited) @executable_path/Frameworks @loader_path/Frameworks \"$PODS_CONFIGURATION_BUILD_DIR/BEMSimpleLineGraph\"";
				PRODUCT_BUNDLE_IDENTIFIER = "org.cocoapods.internal-moduleTests";
				PRODUCT_NAME = "$(TARGET_NAME)";
			};
			name = Debug;
		};
		04F6C4AE1CE7F12600F5A6C1 /* Release */ = {
			isa = XCBuildConfiguration;
			baseConfigurationReference = 38F3F6FE41A7FC08A7DFC146 /* Pods-internal_moduleTests.release.xcconfig */;
			buildSettings = {
				INFOPLIST_FILE = internal_moduleTests/Info.plist;
				LD_RUNPATH_SEARCH_PATHS = "$(inherited) @executable_path/Frameworks @loader_path/Frameworks \"$PODS_CONFIGURATION_BUILD_DIR/BEMSimpleLineGraph\"";
				PRODUCT_BUNDLE_IDENTIFIER = "org.cocoapods.internal-moduleTests";
				PRODUCT_NAME = "$(TARGET_NAME)";
			};
			name = Release;
		};
/* End XCBuildConfiguration section */

/* Begin XCConfigurationList section */
		04F6C4671CE7EE0100F5A6C1 /* Build configuration list for PBXProject "cocoapods_test" */ = {
			isa = XCConfigurationList;
			buildConfigurations = (
				04F6C4871CE7EE0100F5A6C1 /* Debug */,
				04F6C4881CE7EE0100F5A6C1 /* Release */,
			);
			defaultConfigurationIsVisible = 0;
			defaultConfigurationName = Release;
		};
		04F6C4891CE7EE0100F5A6C1 /* Build configuration list for PBXNativeTarget "cocoapods_test" */ = {
			isa = XCConfigurationList;
			buildConfigurations = (
				04F6C48A1CE7EE0100F5A6C1 /* Debug */,
				04F6C48B1CE7EE0100F5A6C1 /* Release */,
			);
			defaultConfigurationIsVisible = 0;
			defaultConfigurationName = Release;
		};
		04F6C4AF1CE7F12600F5A6C1 /* Build configuration list for PBXNativeTarget "internal_module" */ = {
			isa = XCConfigurationList;
			buildConfigurations = (
				04F6C4AB1CE7F12600F5A6C1 /* Debug */,
				04F6C4AC1CE7F12600F5A6C1 /* Release */,
			);
			defaultConfigurationIsVisible = 0;
			defaultConfigurationName = Release;
		};
		04F6C4B11CE7F12600F5A6C1 /* Build configuration list for PBXNativeTarget "internal_moduleTests" */ = {
			isa = XCConfigurationList;
			buildConfigurations = (
				04F6C4AD1CE7F12600F5A6C1 /* Debug */,
				04F6C4AE1CE7F12600F5A6C1 /* Release */,
			);
			defaultConfigurationIsVisible = 0;
			defaultConfigurationName = Release;
		};
/* End XCConfigurationList section */
	};
	rootObject = 04F6C4641CE7EE0100F5A6C1 /* Project object */;
}
