// !$*UTF8*$!
{
	archiveVersion = 1;
	classes = {
	};
	objectVersion = 46;
	objects = {

/* Begin PBXBuildFile section */
		04F6C4701CE7EE0100F5A6C1 /* AppDelegate.swift in Sources */ = {isa = PBXBuildFile; fileRef = 04F6C46F1CE7EE0100F5A6C1 /* AppDelegate.swift */; };
		04F6C4721CE7EE0100F5A6C1 /* ViewController.swift in Sources */ = {isa = PBXBuildFile; fileRef = 04F6C4711CE7EE0100F5A6C1 /* ViewController.swift */; };
		04F6C4751CE7EE0100F5A6C1 /* Main.storyboard in Resources */ = {isa = PBXBuildFile; fileRef = 04F6C4731CE7EE0100F5A6C1 /* Main.storyboard */; };
		04F6C4771CE7EE0100F5A6C1 /* Assets.xcassets in Resources */ = {isa = PBXBuildFile; fileRef = 04F6C4761CE7EE0100F5A6C1 /* Assets.xcassets */; };
		04F6C47A1CE7EE0100F5A6C1 /* LaunchScreen.storyboard in Resources */ = {isa = PBXBuildFile; fileRef = 04F6C4781CE7EE0100F5A6C1 /* LaunchScreen.storyboard */; };
		04F6C4851CE7EE0100F5A6C1 /* cocoapods_testTests.swift in Sources */ = {isa = PBXBuildFile; fileRef = 04F6C4841CE7EE0100F5A6C1 /* cocoapods_testTests.swift */; };
/* End PBXBuildFile section */

/* Begin PBXContainerItemProxy section */
		04F6C4811CE7EE0100F5A6C1 /* PBXContainerItemProxy */ = {
			isa = PBXContainerItemProxy;
			containerPortal = 04F6C4641CE7EE0100F5A6C1 /* Project object */;
			proxyType = 1;
			remoteGlobalIDString = 04F6C46B1CE7EE0100F5A6C1;
			remoteInfo = cocoapods_test;
		};
/* End PBXContainerItemProxy section */

/* Begin PBXFileReference section */
		04F6C46C1CE7EE0100F5A6C1 /* cocoapods_test.app */ = {isa = PBXFileReference; explicitFileType = wrapper.application; includeInIndex = 0; path = cocoapods_test.app; sourceTree = BUILT_PRODUCTS_DIR; };
		04F6C46F1CE7EE0100F5A6C1 /* AppDelegate.swift */ = {isa = PBXFileReference; lastKnownFileType = sourcecode.swift; path = AppDelegate.swift; sourceTree = "<group>"; };
		04F6C4711CE7EE0100F5A6C1 /* ViewController.swift */ = {isa = PBXFileReference; lastKnownFileType = sourcecode.swift; path = ViewController.swift; sourceTree = "<group>"; };
		04F6C4741CE7EE0100F5A6C1 /* Base */ = {isa = PBXFileReference; lastKnownFileType = file.storyboard; name = Base; path = Base.lproj/Main.storyboard; sourceTree = "<group>"; };
		04F6C4761CE7EE0100F5A6C1 /* Assets.xcassets */ = {isa = PBXFileReference; lastKnownFileType = folder.assetcatalog; path = Assets.xcassets; sourceTree = "<group>"; };
		04F6C4791CE7EE0100F5A6C1 /* Base */ = {isa = PBXFileReference; lastKnownFileType = file.storyboard; name = Base; path = Base.lproj/LaunchScreen.storyboard; sourceTree = "<group>"; };
		04F6C47B1CE7EE0100F5A6C1 /* Info.plist */ = {isa = PBXFileReference; lastKnownFileType = text.plist.xml; path = Info.plist; sourceTree = "<group>"; };
		04F6C4801CE7EE0100F5A6C1 /* cocoapods_testTests.xctest */ = {isa = PBXFileReference; explicitFileType = wrapper.cfbundle; includeInIndex = 0; path = cocoapods_testTests.xctest; sourceTree = BUILT_PRODUCTS_DIR; };
		04F6C4841CE7EE0100F5A6C1 /* cocoapods_testTests.swift */ = {isa = PBXFileReference; lastKnownFileType = sourcecode.swift; path = cocoapods_testTests.swift; sourceTree = "<group>"; };
		04F6C4861CE7EE0100F5A6C1 /* Info.plist */ = {isa = PBXFileReference; lastKnownFileType = text.plist.xml; path = Info.plist; sourceTree = "<group>"; };
/* End PBXFileReference section */

/* Begin PBXFrameworksBuildPhase section */
		04F6C4691CE7EE0100F5A6C1 /* Frameworks */ = {
			isa = PBXFrameworksBuildPhase;
			buildActionMask = 2147483647;
			files = (
			);
			runOnlyForDeploymentPostprocessing = 0;
		};
		04F6C47D1CE7EE0100F5A6C1 /* Frameworks */ = {
			isa = PBXFrameworksBuildPhase;
			buildActionMask = 2147483647;
			files = (
			);
			runOnlyForDeploymentPostprocessing = 0;
		};
/* End PBXFrameworksBuildPhase section */

/* Begin PBXGroup section */
		04F6C4631CE7EE0100F5A6C1 = {
			isa = PBXGroup;
			children = (
				04F6C46E1CE7EE0100F5A6C1 /* cocoapods_test */,
				04F6C4831CE7EE0100F5A6C1 /* cocoapods_testTests */,
				04F6C46D1CE7EE0100F5A6C1 /* Products */,
			);
			sourceTree = "<group>";
		};
		04F6C46D1CE7EE0100F5A6C1 /* Products */ = {
			isa = PBXGroup;
			children = (
				04F6C46C1CE7EE0100F5A6C1 /* cocoapods_test.app */,
				04F6C4801CE7EE0100F5A6C1 /* cocoapods_testTests.xctest */,
			);
			name = Products;
			sourceTree = "<group>";
		};
		04F6C46E1CE7EE0100F5A6C1 /* cocoapods_test */ = {
			isa = PBXGroup;
			children = (
				04F6C46F1CE7EE0100F5A6C1 /* AppDelegate.swift */,
				04F6C4711CE7EE0100F5A6C1 /* ViewController.swift */,
				04F6C4731CE7EE0100F5A6C1 /* Main.storyboard */,
				04F6C4761CE7EE0100F5A6C1 /* Assets.xcassets */,
				04F6C4781CE7EE0100F5A6C1 /* LaunchScreen.storyboard */,
				04F6C47B1CE7EE0100F5A6C1 /* Info.plist */,
			);
			path = cocoapods_test;
			sourceTree = "<group>";
		};
		04F6C4831CE7EE0100F5A6C1 /* cocoapods_testTests */ = {
			isa = PBXGroup;
			children = (
				04F6C4841CE7EE0100F5A6C1 /* cocoapods_testTests.swift */,
				04F6C4861CE7EE0100F5A6C1 /* Info.plist */,
			);
			path = cocoapods_testTests;
			sourceTree = "<group>";
		};
/* End PBXGroup section */

/* Begin PBXNativeTarget section */
		04F6C46B1CE7EE0100F5A6C1 /* cocoapods_test */ = {
			isa = PBXNativeTarget;
			buildConfigurationList = 04F6C4891CE7EE0100F5A6C1 /* Build configuration list for PBXNativeTarget "cocoapods_test" */;
			buildPhases = (
				04F6C4681CE7EE0100F5A6C1 /* Sources */,
				04F6C4691CE7EE0100F5A6C1 /* Frameworks */,
				04F6C46A1CE7EE0100F5A6C1 /* Resources */,
			);
			buildRules = (
			);
			dependencies = (
			);
			name = cocoapods_test;
			productName = cocoapods_test;
			productReference = 04F6C46C1CE7EE0100F5A6C1 /* cocoapods_test.app */;
			productType = "com.apple.product-type.application";
		};
		04F6C47F1CE7EE0100F5A6C1 /* cocoapods_testTests */ = {
			isa = PBXNativeTarget;
			buildConfigurationList = 04F6C48C1CE7EE0100F5A6C1 /* Build configuration list for PBXNativeTarget "cocoapods_testTests" */;
			buildPhases = (
				04F6C47C1CE7EE0100F5A6C1 /* Sources */,
				04F6C47D1CE7EE0100F5A6C1 /* Frameworks */,
				04F6C47E1CE7EE0100F5A6C1 /* Resources */,
			);
			buildRules = (
			);
			dependencies = (
				04F6C4821CE7EE0100F5A6C1 /* PBXTargetDependency */,
			);
			name = cocoapods_testTests;
			productName = cocoapods_testTests;
			productReference = 04F6C4801CE7EE0100F5A6C1 /* cocoapods_testTests.xctest */;
			productType = "com.apple.product-type.bundle.unit-test";
		};
/* End PBXNativeTarget section */

/* Begin PBXProject section */
		04F6C4641CE7EE0100F5A6C1 /* Project object */ = {
			isa = PBXProject;
			attributes = {
				LastSwiftUpdateCheck = 0730;
				LastUpgradeCheck = 0730;
				ORGANIZATIONNAME = "Maciej Kujalowicz";
				TargetAttributes = {
					04F6C46B1CE7EE0100F5A6C1 = {
						CreatedOnToolsVersion = 7.3.1;
					};
					04F6C47F1CE7EE0100F5A6C1 = {
						CreatedOnToolsVersion = 7.3.1;
						TestTargetID = 04F6C46B1CE7EE0100F5A6C1;
					};
				};
			};
			buildConfigurationList = 04F6C4671CE7EE0100F5A6C1 /* Build configuration list for PBXProject "cocoapods_test" */;
			compatibilityVersion = "Xcode 3.2";
			developmentRegion = English;
			hasScannedForEncodings = 0;
			knownRegions = (
				en,
				Base,
			);
			mainGroup = 04F6C4631CE7EE0100F5A6C1;
			productRefGroup = 04F6C46D1CE7EE0100F5A6C1 /* Products */;
			projectDirPath = "";
			projectRoot = "";
			targets = (
				04F6C46B1CE7EE0100F5A6C1 /* cocoapods_test */,
				04F6C47F1CE7EE0100F5A6C1 /* cocoapods_testTests */,
			);
		};
/* End PBXProject section */

/* Begin PBXResourcesBuildPhase section */
		04F6C46A1CE7EE0100F5A6C1 /* Resources */ = {
			isa = PBXResourcesBuildPhase;
			buildActionMask = 2147483647;
			files = (
				04F6C47A1CE7EE0100F5A6C1 /* LaunchScreen.storyboard in Resources */,
				04F6C4771CE7EE0100F5A6C1 /* Assets.xcassets in Resources */,
				04F6C4751CE7EE0100F5A6C1 /* Main.storyboard in Resources */,
			);
			runOnlyForDeploymentPostprocessing = 0;
		};
		04F6C47E1CE7EE0100F5A6C1 /* Resources */ = {
			isa = PBXResourcesBuildPhase;
			buildActionMask = 2147483647;
			files = (
			);
			runOnlyForDeploymentPostprocessing = 0;
		};
/* End PBXResourcesBuildPhase section */

/* Begin PBXSourcesBuildPhase section */
		04F6C4681CE7EE0100F5A6C1 /* Sources */ = {
			isa = PBXSourcesBuildPhase;
			buildActionMask = 2147483647;
			files = (
				04F6C4721CE7EE0100F5A6C1 /* ViewController.swift in Sources */,
				04F6C4701CE7EE0100F5A6C1 /* AppDelegate.swift in Sources */,
			);
			runOnlyForDeploymentPostprocessing = 0;
		};
		04F6C47C1CE7EE0100F5A6C1 /* Sources */ = {
			isa = PBXSourcesBuildPhase;
			buildActionMask = 2147483647;
			files = (
				04F6C4851CE7EE0100F5A6C1 /* cocoapods_testTests.swift in Sources */,
			);
			runOnlyForDeploymentPostprocessing = 0;
		};
/* End PBXSourcesBuildPhase section */

/* Begin PBXTargetDependency section */
		04F6C4821CE7EE0100F5A6C1 /* PBXTargetDependency */ = {
			isa = PBXTargetDependency;
			target = 04F6C46B1CE7EE0100F5A6C1 /* cocoapods_test */;
			targetProxy = 04F6C4811CE7EE0100F5A6C1 /* PBXContainerItemProxy */;
		};
/* End PBXTargetDependency section */

/* Begin PBXVariantGroup section */
		04F6C4731CE7EE0100F5A6C1 /* Main.storyboard */ = {
			isa = PBXVariantGroup;
			children = (
				04F6C4741CE7EE0100F5A6C1 /* Base */,
			);
			name = Main.storyboard;
			sourceTree = "<group>";
		};
		04F6C4781CE7EE0100F5A6C1 /* LaunchScreen.storyboard */ = {
			isa = PBXVariantGroup;
			children = (
				04F6C4791CE7EE0100F5A6C1 /* Base */,
			);
			name = LaunchScreen.storyboard;
			sourceTree = "<group>";
		};
/* End PBXVariantGroup section */

/* Begin XCBuildConfiguration section */
		04F6C4871CE7EE0100F5A6C1 /* Debug */ = {
			isa = XCBuildConfiguration;
			buildSettings = {
				ALWAYS_SEARCH_USER_PATHS = NO;
				CLANG_ANALYZER_NONNULL = YES;
				CLANG_CXX_LANGUAGE_STANDARD = "gnu++0x";
				CLANG_CXX_LIBRARY = "libc++";
				CLANG_ENABLE_MODULES = YES;
				CLANG_ENABLE_OBJC_ARC = YES;
				CLANG_WARN_BOOL_CONVERSION = YES;
				CLANG_WARN_CONSTANT_CONVERSION = YES;
				CLANG_WARN_DIRECT_OBJC_ISA_USAGE = YES_ERROR;
				CLANG_WARN_EMPTY_BODY = YES;
				CLANG_WARN_ENUM_CONVERSION = YES;
				CLANG_WARN_INT_CONVERSION = YES;
				CLANG_WARN_OBJC_ROOT_CLASS = YES_ERROR;
				CLANG_WARN_UNREACHABLE_CODE = YES;
				CLANG_WARN__DUPLICATE_METHOD_MATCH = YES;
				"CODE_SIGN_IDENTITY[sdk=iphoneos*]" = "iPhone Developer";
				COPY_PHASE_STRIP = NO;
				DEBUG_INFORMATION_FORMAT = dwarf;
				ENABLE_STRICT_OBJC_MSGSEND = YES;
				ENABLE_TESTABILITY = YES;
				GCC_C_LANGUAGE_STANDARD = gnu99;
				GCC_DYNAMIC_NO_PIC = NO;
				GCC_NO_COMMON_BLOCKS = YES;
				GCC_OPTIMIZATION_LEVEL = 0;
				GCC_PREPROCESSOR_DEFINITIONS = (
					"DEBUG=1",
					"$(inherited)",
				);
				GCC_WARN_64_TO_32_BIT_CONVERSION = YES;
				GCC_WARN_ABOUT_RETURN_TYPE = YES_ERROR;
				GCC_WARN_UNDECLARED_SELECTOR = YES;
				GCC_WARN_UNINITIALIZED_AUTOS = YES_AGGRESSIVE;
				GCC_WARN_UNUSED_FUNCTION = YES;
				GCC_WARN_UNUSED_VARIABLE = YES;
				IPHONEOS_DEPLOYMENT_TARGET = 9.3;
				MTL_ENABLE_DEBUG_INFO = YES;
				ONLY_ACTIVE_ARCH = YES;
				SDKROOT = iphoneos;
				SWIFT_OPTIMIZATION_LEVEL = "-Onone";
				TARGETED_DEVICE_FAMILY = "1,2";
			};
			name = Debug;
		};
		04F6C4881CE7EE0100F5A6C1 /* Release */ = {
			isa = XCBuildConfiguration;
			buildSettings = {
				ALWAYS_SEARCH_USER_PATHS = NO;
				CLANG_ANALYZER_NONNULL = YES;
				CLANG_CXX_LANGUAGE_STANDARD = "gnu++0x";
				CLANG_CXX_LIBRARY = "libc++";
				CLANG_ENABLE_MODULES = YES;
				CLANG_ENABLE_OBJC_ARC = YES;
				CLANG_WARN_BOOL_CONVERSION = YES;
				CLANG_WARN_CONSTANT_CONVERSION = YES;
				CLANG_WARN_DIRECT_OBJC_ISA_USAGE = YES_ERROR;
				CLANG_WARN_EMPTY_BODY = YES;
				CLANG_WARN_ENUM_CONVERSION = YES;
				CLANG_WARN_INT_CONVERSION = YES;
				CLANG_WARN_OBJC_ROOT_CLASS = YES_ERROR;
				CLANG_WARN_UNREACHABLE_CODE = YES;
				CLANG_WARN__DUPLICATE_METHOD_MATCH = YES;
				"CODE_SIGN_IDENTITY[sdk=iphoneos*]" = "iPhone Developer";
				COPY_PHASE_STRIP = NO;
				DEBUG_INFORMATION_FORMAT = "dwarf-with-dsym";
				ENABLE_NS_ASSERTIONS = NO;
				ENABLE_STRICT_OBJC_MSGSEND = YES;
				GCC_C_LANGUAGE_STANDARD = gnu99;
				GCC_NO_COMMON_BLOCKS = YES;
				GCC_WARN_64_TO_32_BIT_CONVERSION = YES;
				GCC_WARN_ABOUT_RETURN_TYPE = YES_ERROR;
				GCC_WARN_UNDECLARED_SELECTOR = YES;
				GCC_WARN_UNINITIALIZED_AUTOS = YES_AGGRESSIVE;
				GCC_WARN_UNUSED_FUNCTION = YES;
				GCC_WARN_UNUSED_VARIABLE = YES;
				IPHONEOS_DEPLOYMENT_TARGET = 9.3;
				MTL_ENABLE_DEBUG_INFO = NO;
				SDKROOT = iphoneos;
				TARGETED_DEVICE_FAMILY = "1,2";
				VALIDATE_PRODUCT = YES;
			};
			name = Release;
		};
		04F6C48A1CE7EE0100F5A6C1 /* Debug */ = {
			isa = XCBuildConfiguration;
			buildSettings = {
				ASSETCATALOG_COMPILER_APPICON_NAME = AppIcon;
				INFOPLIST_FILE = cocoapods_test/Info.plist;
				LD_RUNPATH_SEARCH_PATHS = "$(inherited) @executable_path/Frameworks";
				PRODUCT_BUNDLE_IDENTIFIER = "org.cocoapods.cocoapods-test";
				PRODUCT_NAME = "$(TARGET_NAME)";
			};
			name = Debug;
		};
		04F6C48B1CE7EE0100F5A6C1 /* Release */ = {
			isa = XCBuildConfiguration;
			buildSettings = {
				ASSETCATALOG_COMPILER_APPICON_NAME = AppIcon;
				INFOPLIST_FILE = cocoapods_test/Info.plist;
				LD_RUNPATH_SEARCH_PATHS = "$(inherited) @executable_path/Frameworks";
				PRODUCT_BUNDLE_IDENTIFIER = "org.cocoapods.cocoapods-test";
				PRODUCT_NAME = "$(TARGET_NAME)";
			};
			name = Release;
		};
		04F6C48D1CE7EE0100F5A6C1 /* Debug */ = {
			isa = XCBuildConfiguration;
			buildSettings = {
				BUNDLE_LOADER = "$(TEST_HOST)";
				INFOPLIST_FILE = cocoapods_testTests/Info.plist;
				LD_RUNPATH_SEARCH_PATHS = "$(inherited) @executable_path/Frameworks @loader_path/Frameworks";
				PRODUCT_BUNDLE_IDENTIFIER = "org.cocoapods.cocoapods-testTests";
				PRODUCT_NAME = "$(TARGET_NAME)";
				TEST_HOST = "$(BUILT_PRODUCTS_DIR)/cocoapods_test.app/cocoapods_test";
			};
			name = Debug;
		};
		04F6C48E1CE7EE0100F5A6C1 /* Release */ = {
			isa = XCBuildConfiguration;
			buildSettings = {
				BUNDLE_LOADER = "$(TEST_HOST)";
				INFOPLIST_FILE = cocoapods_testTests/Info.plist;
				LD_RUNPATH_SEARCH_PATHS = "$(inherited) @executable_path/Frameworks @loader_path/Frameworks";
				PRODUCT_BUNDLE_IDENTIFIER = "org.cocoapods.cocoapods-testTests";
				PRODUCT_NAME = "$(TARGET_NAME)";
				TEST_HOST = "$(BUILT_PRODUCTS_DIR)/cocoapods_test.app/cocoapods_test";
			};
			name = Release;
		};
/* End XCBuildConfiguration section */

/* Begin XCConfigurationList section */
		04F6C4671CE7EE0100F5A6C1 /* Build configuration list for PBXProject "cocoapods_test" */ = {
			isa = XCConfigurationList;
			buildConfigurations = (
				04F6C4871CE7EE0100F5A6C1 /* Debug */,
				04F6C4881CE7EE0100F5A6C1 /* Release */,
			);
			defaultConfigurationIsVisible = 0;
			defaultConfigurationName = Release;
		};
		04F6C4891CE7EE0100F5A6C1 /* Build configuration list for PBXNativeTarget "cocoapods_test" */ = {
			isa = XCConfigurationList;
			buildConfigurations = (
				04F6C48A1CE7EE0100F5A6C1 /* Debug */,
				04F6C48B1CE7EE0100F5A6C1 /* Release */,
			);
			defaultConfigurationIsVisible = 0;
		};
		04F6C48C1CE7EE0100F5A6C1 /* Build configuration list for PBXNativeTarget "cocoapods_testTests" */ = {
			isa = XCConfigurationList;
			buildConfigurations = (
				04F6C48D1CE7EE0100F5A6C1 /* Debug */,
				04F6C48E1CE7EE0100F5A6C1 /* Release */,
			);
			defaultConfigurationIsVisible = 0;
		};
/* End XCConfigurationList section */
	};
	rootObject = 04F6C4641CE7EE0100F5A6C1 /* Project object */;
}
